
Microsoft Visual Studio Solution File, Format Version 12.00
# Visual Studio Version 16
VisualStudioVersion = 16.0.28803.352
MinimumVisualStudioVersion = 10.0.40219.1
Project("{FAE04EC0-301F-11D3-BF4B-00C04F79EFBC}") = "AzureDevopsHelper", "AzureDevopsHelper\AzureDevopsHelper.csproj", "{82AAB7C0-BAA3-4F77-8AA2-98511F90BC28}"
EndProject
Global
	GlobalSection(SolutionConfigurationPlatforms) = preSolution
		Debug|Any CPU = Debug|Any CPU
		Release|Any CPU = Release|Any CPU
	EndGlobalSection
	GlobalSection(ProjectConfigurationPlatforms) = postSolution
		{82AAB7C0-BAA3-4F77-8AA2-98511F90BC28}.Debug|Any CPU.ActiveCfg = Debug|Any CPU
		{82AAB7C0-BAA3-4F77-8AA2-98511F90BC28}.Debug|Any CPU.Build.0 = Debug|Any CPU
		{82AAB7C0-BAA3-4F77-8AA2-98511F90BC28}.Release|Any CPU.ActiveCfg = Release|Any CPU
		{82AAB7C0-BAA3-4F77-8AA2-98511F90BC28}.Release|Any CPU.Build.0 = Release|Any CPU
	EndGlobalSection
	GlobalSection(SolutionProperties) = preSolution
		HideSolutionNode = FALSE
	EndGlobalSection
	GlobalSection(ExtensibilityGlobals) = postSolution
		SolutionGuid = {6DD20E99-F14C-4ED5-8BB5-4B6624D24C99}
	EndGlobalSection
EndGlobal
